
Microsoft Visual Studio Solution File, Format Version 12.00
# Visual Studio Version 17
VisualStudioVersion = 17.8.34408.163
MinimumVisualStudioVersion = 10.0.40219.1
Project("{FAE04EC0-301F-11D3-BF4B-00C04F79EFBC}") = "FinalArka10", "FinalArka10\FinalArka10.csproj", "{3B0D082E-20EF-46CF-B4FE-85C6DD10B4FB}"
EndProject
Global
	GlobalSection(SolutionConfigurationPlatforms) = preSolution
		Debug|Any CPU = Debug|Any CPU
		Release|Any CPU = Release|Any CPU
	EndGlobalSection
	GlobalSection(ProjectConfigurationPlatforms) = postSolution
		{3B0D082E-20EF-46CF-B4FE-85C6DD10B4FB}.Debug|Any CPU.ActiveCfg = Debug|Any CPU
		{3B0D082E-20EF-46CF-B4FE-85C6DD10B4FB}.Debug|Any CPU.Build.0 = Debug|Any CPU
		{3B0D082E-20EF-46CF-B4FE-85C6DD10B4FB}.Release|Any CPU.ActiveCfg = Release|Any CPU
		{3B0D082E-20EF-46CF-B4FE-85C6DD10B4FB}.Release|Any CPU.Build.0 = Release|Any CPU
	EndGlobalSection
	GlobalSection(SolutionProperties) = preSolution
		HideSolutionNode = FALSE
	EndGlobalSection
	GlobalSection(ExtensibilityGlobals) = postSolution
		SolutionGuid = {C8765E9A-1FDB-4DC0-AECD-F543AF9D6BD1}
	EndGlobalSection
EndGlobal
